
Microsoft Visual Studio Solution File, Format Version 12.00
# Visual Studio 15
VisualStudioVersion = 15.0.26403.3
MinimumVisualStudioVersion = 10.0.40219.1
Project("{2150E333-8FDC-42A3-9474-1A3956D46DE8}") = "Solution Items", "Solution Items", "{99DEA2FD-5187-4912-81FD-A6BE3614B786}"
	ProjectSection(SolutionItems) = preProject
		abbr.html = abbr.html
		address.html = address.html
		area.html = area.html
		article.html = article.html
		aside.html = aside.html
		audio.html = audio.html
		b.html = b.html
		base.html = base.html
		bdi.html = bdi.html
		bdo.html = bdo.html
		blockquote.html = blockquote.html
		body.html = body.html
		br.html = br.html
		button.html = button.html
		canvas.html = canvas.html
		caption.html = caption.html
		cite.html = cite.html
		code.html = code.html
		col.html = col.html
		colgroup.html = colgroup.html
		command.html = command.html
		datalist.html = datalist.html
		dd.html = dd.html
		del.html = del.html
		details.html = details.html
		dfn.html = dfn.html
		dir.html = dir.html
		div.html = div.html
		dl.html = dl.html
		DOCTYPE.html = DOCTYPE.html
		dt.html = dt.html
		em.html = em.html
		embed.html = embed.html
		fieldset.html = fieldset.html
		figcaption.html = figcaption.html
		figure.html = figure.html
		footer.html = footer.html
		h1-h6.html = h1-h6.html
		head.html = head.html
		header.html = header.html
		hr.html = hr.html
		html.html = html.html
		i.html = i.html
		iframe.html = iframe.html
		img.html = img.html
		index.html = index.html
		input.html = input.html
		ins.html = ins.html
		kbd.html = kbd.html
		keygen.html = keygen.html
		label.html = label.html
		legend.html = legend.html
		li.html = li.html
		link.html = link.html
		map.html = map.html
		mark.html = mark.html
		menu.html = menu.html
		meta.html = meta.html
		meter.html = meter.html
		nav.html = nav.html
		noscript.html = noscript.html
		object.html = object.html
		ol.html = ol.html
		optgroup.html = optgroup.html
		option.html = option.html
		output.html = output.html
		p.html = p.html
		param.html = param.html
		pre.html = pre.html
		progress.html = progress.html
		q.html = q.html
		rp.html = rp.html
		rt.html = rt.html
		ruby.html = ruby.html
		s.html = s.html
		samp.html = samp.html
		script.html = script.html
		section.html = section.html
		select.html = select.html
		small.html = small.html
		source.html = source.html
		span.html = span.html
		strong.html = strong.html
		style.html = style.html
		sub.html = sub.html
		summary.html = summary.html
		sup.html = sup.html
		table.html = table.html
		tbody.html = tbody.html
		td.html = td.html
		textarea.html = textarea.html
		tfoot.html = tfoot.html
		th.html = th.html
		thead.html = thead.html
		time.html = time.html
		title.html = title.html
		tr.html = tr.html
		track.html = track.html
		u.html = u.html
		ul.html = ul.html
		var.html = var.html
		video.html = video.html
		wbr.html = wbr.html
	EndProjectSection
EndProject
Global
	GlobalSection(SolutionProperties) = preSolution
		HideSolutionNode = FALSE
	EndGlobalSection
EndGlobal
